
Microsoft Visual Studio Solution File, Format Version 12.00
# Visual Studio Version 16
VisualStudioVersion = 16.0.29519.181
MinimumVisualStudioVersion = 10.0.40219.1
Project("{FAE04EC0-301F-11D3-BF4B-00C04F79EFBC}") = "EasyParse", "EasyParse\EasyParse.csproj", "{4A11BD6A-0DDA-42D9-8EBE-176F044810CF}"
EndProject
Project("{FAE04EC0-301F-11D3-BF4B-00C04F79EFBC}") = "EasyParse.CalculatorDemo", "EasyParse.CalculatorDemo\EasyParse.CalculatorDemo.csproj", "{69B02778-8AD9-436E-A7B0-2A3AA35FBC8F}"
EndProject
Project("{FAE04EC0-301F-11D3-BF4B-00C04F79EFBC}") = "EasyParse.CalculatorDemo.Tests", "EasyParse.CalculatorDemo.Tests\EasyParse.CalculatorDemo.Tests.csproj", "{D1C6BF4B-871E-4281-92BA-FE23FA7C8755}"
EndProject
Project("{FAE04EC0-301F-11D3-BF4B-00C04F79EFBC}") = "EasyParse.Tests", "EasyParse.Tests\EasyParse.Tests.csproj", "{FB85F6A8-BF63-480E-9B2B-85FB63075B05}"
EndProject
Project("{FAE04EC0-301F-11D3-BF4B-00C04F79EFBC}") = "EasyParse.CommandLineTool", "EasyParse.CommandLineTool\EasyParse.CommandLineTool.csproj", "{F65F3D6E-0722-4406-8199-FDEFBCA5D28C}"
EndProject
Global
	GlobalSection(SolutionConfigurationPlatforms) = preSolution
		Debug|Any CPU = Debug|Any CPU
		Release|Any CPU = Release|Any CPU
	EndGlobalSection
	GlobalSection(ProjectConfigurationPlatforms) = postSolution
		{4A11BD6A-0DDA-42D9-8EBE-176F044810CF}.Debug|Any CPU.ActiveCfg = Debug|Any CPU
		{4A11BD6A-0DDA-42D9-8EBE-176F044810CF}.Debug|Any CPU.Build.0 = Debug|Any CPU
		{4A11BD6A-0DDA-42D9-8EBE-176F044810CF}.Release|Any CPU.ActiveCfg = Release|Any CPU
		{4A11BD6A-0DDA-42D9-8EBE-176F044810CF}.Release|Any CPU.Build.0 = Release|Any CPU
		{69B02778-8AD9-436E-A7B0-2A3AA35FBC8F}.Debug|Any CPU.ActiveCfg = Debug|Any CPU
		{69B02778-8AD9-436E-A7B0-2A3AA35FBC8F}.Debug|Any CPU.Build.0 = Debug|Any CPU
		{69B02778-8AD9-436E-A7B0-2A3AA35FBC8F}.Release|Any CPU.ActiveCfg = Release|Any CPU
		{69B02778-8AD9-436E-A7B0-2A3AA35FBC8F}.Release|Any CPU.Build.0 = Release|Any CPU
		{D1C6BF4B-871E-4281-92BA-FE23FA7C8755}.Debug|Any CPU.ActiveCfg = Debug|Any CPU
		{D1C6BF4B-871E-4281-92BA-FE23FA7C8755}.Debug|Any CPU.Build.0 = Debug|Any CPU
		{D1C6BF4B-871E-4281-92BA-FE23FA7C8755}.Release|Any CPU.ActiveCfg = Release|Any CPU
		{D1C6BF4B-871E-4281-92BA-FE23FA7C8755}.Release|Any CPU.Build.0 = Release|Any CPU
		{FB85F6A8-BF63-480E-9B2B-85FB63075B05}.Debug|Any CPU.ActiveCfg = Debug|Any CPU
		{FB85F6A8-BF63-480E-9B2B-85FB63075B05}.Debug|Any CPU.Build.0 = Debug|Any CPU
		{FB85F6A8-BF63-480E-9B2B-85FB63075B05}.Release|Any CPU.ActiveCfg = Release|Any CPU
		{FB85F6A8-BF63-480E-9B2B-85FB63075B05}.Release|Any CPU.Build.0 = Release|Any CPU
		{F65F3D6E-0722-4406-8199-FDEFBCA5D28C}.Debug|Any CPU.ActiveCfg = Debug|Any CPU
		{F65F3D6E-0722-4406-8199-FDEFBCA5D28C}.Debug|Any CPU.Build.0 = Debug|Any CPU
		{F65F3D6E-0722-4406-8199-FDEFBCA5D28C}.Release|Any CPU.ActiveCfg = Release|Any CPU
		{F65F3D6E-0722-4406-8199-FDEFBCA5D28C}.Release|Any CPU.Build.0 = Release|Any CPU
	EndGlobalSection
	GlobalSection(SolutionProperties) = preSolution
		HideSolutionNode = FALSE
	EndGlobalSection
	GlobalSection(ExtensibilityGlobals) = postSolution
		SolutionGuid = {A0463CF3-51F2-4F5A-BA34-ADF01BFFE857}
	EndGlobalSection
EndGlobal
